
Microsoft Visual Studio Solution File, Format Version 12.00
# Visual Studio Version 16
VisualStudioVersion = 16.0.30717.126
MinimumVisualStudioVersion = 10.0.40219.1
Project("{9A19103F-16F7-4668-BE54-9A1E7A4F7556}") = "DS4Updater", "Updater2\DS4Updater.csproj", "{03DBF06C-F9FA-423D-9D2C-E032669DFBE2}"
EndProject
Global
	GlobalSection(SolutionConfigurationPlatforms) = preSolution
		Debug|x64 = Debug|x64
		Debug|x86 = Debug|x86
		Release|x64 = Release|x64
		Release|x86 = Release|x86
	EndGlobalSection
	GlobalSection(ProjectConfigurationPlatforms) = postSolution
		{03DBF06C-F9FA-423D-9D2C-E032669DFBE2}.Debug|x64.ActiveCfg = Debug|x64
		{03DBF06C-F9FA-423D-9D2C-E032669DFBE2}.Debug|x64.Build.0 = Debug|x64
		{03DBF06C-F9FA-423D-9D2C-E032669DFBE2}.Debug|x86.ActiveCfg = Debug|x86
		{03DBF06C-F9FA-423D-9D2C-E032669DFBE2}.Debug|x86.Build.0 = Debug|x86
		{03DBF06C-F9FA-423D-9D2C-E032669DFBE2}.Release|x64.ActiveCfg = Release|x64
		{03DBF06C-F9FA-423D-9D2C-E032669DFBE2}.Release|x64.Build.0 = Release|x64
		{03DBF06C-F9FA-423D-9D2C-E032669DFBE2}.Release|x86.ActiveCfg = Release|x86
		{03DBF06C-F9FA-423D-9D2C-E032669DFBE2}.Release|x86.Build.0 = Release|x86
	EndGlobalSection
	GlobalSection(SolutionProperties) = preSolution
		HideSolutionNode = FALSE
	EndGlobalSection
	GlobalSection(ExtensibilityGlobals) = postSolution
		SolutionGuid = {FCF17EFA-8902-4B3A-9C1D-D78EB638F3DE}
	EndGlobalSection
EndGlobal
